
Microsoft Visual Studio Solution File, Format Version 12.00
# Visual Studio Version 17
VisualStudioVersion = 17.8.34408.163
MinimumVisualStudioVersion = 10.0.40219.1
Project("{9A19103F-16F7-4668-BE54-9A1E7A4F7556}") = "ForteVisualData", "ForteVisualData.csproj", "{EA8EF9F9-E17E-479C-BCE6-328B7F6E00C0}"
EndProject
Project("{2150E333-8FDC-42A3-9474-1A3956D46DE8}") = "AppModules", "AppModules", "{B696B0F9-00ED-4CA4-895D-FC2E2608B90B}"
EndProject
Project("{9A19103F-16F7-4668-BE54-9A1E7A4F7556}") = "ModSetup", "..\Modules\ModSetup\ModSetup.csproj", "{61392BD9-9B7B-4B5C-B554-7E35E98B228F}"
EndProject
Project("{9A19103F-16F7-4668-BE54-9A1E7A4F7556}") = "ModRealTime", "..\Modules\ModRealTime\ModRealTime.csproj", "{3C20E80B-C4A7-494C-9425-BD2883324D33}"
EndProject
Project("{9A19103F-16F7-4668-BE54-9A1E7A4F7556}") = "ModGraphic", "..\Modules\ModGraphic\ModGraphic.csproj", "{37D3CFCB-8181-41FB-8F13-7E20AF1F4D66}"
EndProject
Project("{9A19103F-16F7-4668-BE54-9A1E7A4F7556}") = "ModCombine", "..\Modules\ModCombine\ModCombine.csproj", "{9989576A-7137-4697-B3AD-C74EC18A5D8E}"
EndProject
Project("{9A19103F-16F7-4668-BE54-9A1E7A4F7556}") = "AppServices", "..\Services\AppServices\AppServices.csproj", "{EE4505EA-D7D6-4FEB-A617-83E8F2E092AC}"
EndProject
Project("{2150E333-8FDC-42A3-9474-1A3956D46DE8}") = "UserControls", "UserControls", "{2AFD556D-1A1A-4D7A-81BC-D8432E6F060C}"
EndProject
Project("{9A19103F-16F7-4668-BE54-9A1E7A4F7556}") = "GraphMenuBar", "..\UserControls\GraphMenuBar\GraphMenuBar.csproj", "{3AE3690C-1CB6-48EB-A9DB-7069842FEE10}"
EndProject
Project("{9A19103F-16F7-4668-BE54-9A1E7A4F7556}") = "DataFieldsSelect", "..\UserControls\DataFieldsSelect\DataFieldsSelect.csproj", "{82C7F5C7-BCF1-4AD0-AE2E-89A25FC86C38}"
EndProject
Project("{54435603-DBB4-11D2-8724-00A0C9A8B90C}") = "ForteVDSetup", "..\AppSetUp\ForteVDSetup\ForteVDSetup.vdproj", "{B7B5FBF5-AD05-401C-9C0B-2AB29984DE31}"
EndProject
Project("{9A19103F-16F7-4668-BE54-9A1E7A4F7556}") = "ModArchives", "..\Modules\ModArchives\ModArchives.csproj", "{12A0A3F6-36EE-46EE-9295-20F3AEDCFE41}"
EndProject
Project("{9A19103F-16F7-4668-BE54-9A1E7A4F7556}") = "CSVReports", "..\UserControls\CSVReports\CSVReports.csproj", "{30CCABE6-B27B-434E-AD7E-FAA4D47D9C76}"
EndProject
Project("{9A19103F-16F7-4668-BE54-9A1E7A4F7556}") = "UcGraph", "..\UserControls\UcGraph\UcGraph.csproj", "{9A3128A4-9A69-46C5-8D52-CE289819C22F}"
EndProject
Project("{9A19103F-16F7-4668-BE54-9A1E7A4F7556}") = "ModWetLayer", "..\Modules\ModWetLayer\ModWetLayer.csproj", "{E8E45B3A-59A1-4D0B-ADAC-081C5A374AE8}"
EndProject
Project("{9A19103F-16F7-4668-BE54-9A1E7A4F7556}") = "ModDualGraph", "..\Modules\ModDualGraph\ModDualGraph.csproj", "{3096C4EF-C6D8-4F78-8D11-5105AEF716D8}"
EndProject
Project("{9A19103F-16F7-4668-BE54-9A1E7A4F7556}") = "ModDropProfileChart", "..\Modules\ModDropProfileChart\ModDropProfileChart.csproj", "{136E0BD4-F788-4422-A343-5E2EB6B82114}"
EndProject
Project("{9A19103F-16F7-4668-BE54-9A1E7A4F7556}") = "ModDropLineChart", "..\Modules\ModDropLineChart\ModDropLineChart.csproj", "{34339EBE-0542-4723-AB34-287F7F7B45C5}"
EndProject
Project("{9A19103F-16F7-4668-BE54-9A1E7A4F7556}") = "ModWetLayerTrend", "..\Modules\ModWetLayerTrend\ModWetLayerTrend.csproj", "{98BA4065-DC67-448D-A208-2B96F29184B7}"
EndProject
Global
	GlobalSection(SolutionConfigurationPlatforms) = preSolution
		Debug|Any CPU = Debug|Any CPU
		Debug|x86 = Debug|x86
		Release|Any CPU = Release|Any CPU
		Release|x86 = Release|x86
	EndGlobalSection
	GlobalSection(ProjectConfigurationPlatforms) = postSolution
		{EA8EF9F9-E17E-479C-BCE6-328B7F6E00C0}.Debug|Any CPU.ActiveCfg = Debug|Any CPU
		{EA8EF9F9-E17E-479C-BCE6-328B7F6E00C0}.Debug|Any CPU.Build.0 = Debug|Any CPU
		{EA8EF9F9-E17E-479C-BCE6-328B7F6E00C0}.Debug|x86.ActiveCfg = Debug|Any CPU
		{EA8EF9F9-E17E-479C-BCE6-328B7F6E00C0}.Debug|x86.Build.0 = Debug|Any CPU
		{EA8EF9F9-E17E-479C-BCE6-328B7F6E00C0}.Release|Any CPU.ActiveCfg = Release|Any CPU
		{EA8EF9F9-E17E-479C-BCE6-328B7F6E00C0}.Release|Any CPU.Build.0 = Release|Any CPU
		{EA8EF9F9-E17E-479C-BCE6-328B7F6E00C0}.Release|x86.ActiveCfg = Release|Any CPU
		{EA8EF9F9-E17E-479C-BCE6-328B7F6E00C0}.Release|x86.Build.0 = Release|Any CPU
		{61392BD9-9B7B-4B5C-B554-7E35E98B228F}.Debug|Any CPU.ActiveCfg = Debug|Any CPU
		{61392BD9-9B7B-4B5C-B554-7E35E98B228F}.Debug|Any CPU.Build.0 = Debug|Any CPU
		{61392BD9-9B7B-4B5C-B554-7E35E98B228F}.Debug|x86.ActiveCfg = Debug|Any CPU
		{61392BD9-9B7B-4B5C-B554-7E35E98B228F}.Debug|x86.Build.0 = Debug|Any CPU
		{61392BD9-9B7B-4B5C-B554-7E35E98B228F}.Release|Any CPU.ActiveCfg = Release|Any CPU
		{61392BD9-9B7B-4B5C-B554-7E35E98B228F}.Release|Any CPU.Build.0 = Release|Any CPU
		{61392BD9-9B7B-4B5C-B554-7E35E98B228F}.Release|x86.ActiveCfg = Release|Any CPU
		{61392BD9-9B7B-4B5C-B554-7E35E98B228F}.Release|x86.Build.0 = Release|Any CPU
		{3C20E80B-C4A7-494C-9425-BD2883324D33}.Debug|Any CPU.ActiveCfg = Debug|Any CPU
		{3C20E80B-C4A7-494C-9425-BD2883324D33}.Debug|Any CPU.Build.0 = Debug|Any CPU
		{3C20E80B-C4A7-494C-9425-BD2883324D33}.Debug|x86.ActiveCfg = Debug|Any CPU
		{3C20E80B-C4A7-494C-9425-BD2883324D33}.Debug|x86.Build.0 = Debug|Any CPU
		{3C20E80B-C4A7-494C-9425-BD2883324D33}.Release|Any CPU.ActiveCfg = Release|Any CPU
		{3C20E80B-C4A7-494C-9425-BD2883324D33}.Release|Any CPU.Build.0 = Release|Any CPU
		{3C20E80B-C4A7-494C-9425-BD2883324D33}.Release|x86.ActiveCfg = Release|Any CPU
		{3C20E80B-C4A7-494C-9425-BD2883324D33}.Release|x86.Build.0 = Release|Any CPU
		{37D3CFCB-8181-41FB-8F13-7E20AF1F4D66}.Debug|Any CPU.ActiveCfg = Debug|Any CPU
		{37D3CFCB-8181-41FB-8F13-7E20AF1F4D66}.Debug|Any CPU.Build.0 = Debug|Any CPU
		{37D3CFCB-8181-41FB-8F13-7E20AF1F4D66}.Debug|x86.ActiveCfg = Debug|Any CPU
		{37D3CFCB-8181-41FB-8F13-7E20AF1F4D66}.Debug|x86.Build.0 = Debug|Any CPU
		{37D3CFCB-8181-41FB-8F13-7E20AF1F4D66}.Release|Any CPU.ActiveCfg = Release|Any CPU
		{37D3CFCB-8181-41FB-8F13-7E20AF1F4D66}.Release|Any CPU.Build.0 = Release|Any CPU
		{37D3CFCB-8181-41FB-8F13-7E20AF1F4D66}.Release|x86.ActiveCfg = Release|Any CPU
		{37D3CFCB-8181-41FB-8F13-7E20AF1F4D66}.Release|x86.Build.0 = Release|Any CPU
		{9989576A-7137-4697-B3AD-C74EC18A5D8E}.Debug|Any CPU.ActiveCfg = Debug|Any CPU
		{9989576A-7137-4697-B3AD-C74EC18A5D8E}.Debug|Any CPU.Build.0 = Debug|Any CPU
		{9989576A-7137-4697-B3AD-C74EC18A5D8E}.Debug|x86.ActiveCfg = Debug|Any CPU
		{9989576A-7137-4697-B3AD-C74EC18A5D8E}.Debug|x86.Build.0 = Debug|Any CPU
		{9989576A-7137-4697-B3AD-C74EC18A5D8E}.Release|Any CPU.ActiveCfg = Release|Any CPU
		{9989576A-7137-4697-B3AD-C74EC18A5D8E}.Release|Any CPU.Build.0 = Release|Any CPU
		{9989576A-7137-4697-B3AD-C74EC18A5D8E}.Release|x86.ActiveCfg = Release|Any CPU
		{9989576A-7137-4697-B3AD-C74EC18A5D8E}.Release|x86.Build.0 = Release|Any CPU
		{EE4505EA-D7D6-4FEB-A617-83E8F2E092AC}.Debug|Any CPU.ActiveCfg = Debug|Any CPU
		{EE4505EA-D7D6-4FEB-A617-83E8F2E092AC}.Debug|Any CPU.Build.0 = Debug|Any CPU
		{EE4505EA-D7D6-4FEB-A617-83E8F2E092AC}.Debug|x86.ActiveCfg = Debug|Any CPU
		{EE4505EA-D7D6-4FEB-A617-83E8F2E092AC}.Debug|x86.Build.0 = Debug|Any CPU
		{EE4505EA-D7D6-4FEB-A617-83E8F2E092AC}.Release|Any CPU.ActiveCfg = Release|Any CPU
		{EE4505EA-D7D6-4FEB-A617-83E8F2E092AC}.Release|Any CPU.Build.0 = Release|Any CPU
		{EE4505EA-D7D6-4FEB-A617-83E8F2E092AC}.Release|x86.ActiveCfg = Release|Any CPU
		{EE4505EA-D7D6-4FEB-A617-83E8F2E092AC}.Release|x86.Build.0 = Release|Any CPU
		{3AE3690C-1CB6-48EB-A9DB-7069842FEE10}.Debug|Any CPU.ActiveCfg = Debug|Any CPU
		{3AE3690C-1CB6-48EB-A9DB-7069842FEE10}.Debug|Any CPU.Build.0 = Debug|Any CPU
		{3AE3690C-1CB6-48EB-A9DB-7069842FEE10}.Debug|x86.ActiveCfg = Debug|Any CPU
		{3AE3690C-1CB6-48EB-A9DB-7069842FEE10}.Debug|x86.Build.0 = Debug|Any CPU
		{3AE3690C-1CB6-48EB-A9DB-7069842FEE10}.Release|Any CPU.ActiveCfg = Release|Any CPU
		{3AE3690C-1CB6-48EB-A9DB-7069842FEE10}.Release|Any CPU.Build.0 = Release|Any CPU
		{3AE3690C-1CB6-48EB-A9DB-7069842FEE10}.Release|x86.ActiveCfg = Release|Any CPU
		{3AE3690C-1CB6-48EB-A9DB-7069842FEE10}.Release|x86.Build.0 = Release|Any CPU
		{82C7F5C7-BCF1-4AD0-AE2E-89A25FC86C38}.Debug|Any CPU.ActiveCfg = Debug|Any CPU
		{82C7F5C7-BCF1-4AD0-AE2E-89A25FC86C38}.Debug|Any CPU.Build.0 = Debug|Any CPU
		{82C7F5C7-BCF1-4AD0-AE2E-89A25FC86C38}.Debug|x86.ActiveCfg = Debug|Any CPU
		{82C7F5C7-BCF1-4AD0-AE2E-89A25FC86C38}.Debug|x86.Build.0 = Debug|Any CPU
		{82C7F5C7-BCF1-4AD0-AE2E-89A25FC86C38}.Release|Any CPU.ActiveCfg = Release|Any CPU
		{82C7F5C7-BCF1-4AD0-AE2E-89A25FC86C38}.Release|Any CPU.Build.0 = Release|Any CPU
		{82C7F5C7-BCF1-4AD0-AE2E-89A25FC86C38}.Release|x86.ActiveCfg = Release|Any CPU
		{82C7F5C7-BCF1-4AD0-AE2E-89A25FC86C38}.Release|x86.Build.0 = Release|Any CPU
		{B7B5FBF5-AD05-401C-9C0B-2AB29984DE31}.Debug|Any CPU.ActiveCfg = Debug
		{B7B5FBF5-AD05-401C-9C0B-2AB29984DE31}.Debug|x86.ActiveCfg = Debug
		{B7B5FBF5-AD05-401C-9C0B-2AB29984DE31}.Release|Any CPU.ActiveCfg = Release
		{B7B5FBF5-AD05-401C-9C0B-2AB29984DE31}.Release|x86.ActiveCfg = Release
		{12A0A3F6-36EE-46EE-9295-20F3AEDCFE41}.Debug|Any CPU.ActiveCfg = Debug|Any CPU
		{12A0A3F6-36EE-46EE-9295-20F3AEDCFE41}.Debug|Any CPU.Build.0 = Debug|Any CPU
		{12A0A3F6-36EE-46EE-9295-20F3AEDCFE41}.Debug|x86.ActiveCfg = Debug|Any CPU
		{12A0A3F6-36EE-46EE-9295-20F3AEDCFE41}.Debug|x86.Build.0 = Debug|Any CPU
		{12A0A3F6-36EE-46EE-9295-20F3AEDCFE41}.Release|Any CPU.ActiveCfg = Release|Any CPU
		{12A0A3F6-36EE-46EE-9295-20F3AEDCFE41}.Release|Any CPU.Build.0 = Release|Any CPU
		{12A0A3F6-36EE-46EE-9295-20F3AEDCFE41}.Release|x86.ActiveCfg = Release|Any CPU
		{12A0A3F6-36EE-46EE-9295-20F3AEDCFE41}.Release|x86.Build.0 = Release|Any CPU
		{30CCABE6-B27B-434E-AD7E-FAA4D47D9C76}.Debug|Any CPU.ActiveCfg = Debug|Any CPU
		{30CCABE6-B27B-434E-AD7E-FAA4D47D9C76}.Debug|Any CPU.Build.0 = Debug|Any CPU
		{30CCABE6-B27B-434E-AD7E-FAA4D47D9C76}.Debug|x86.ActiveCfg = Debug|Any CPU
		{30CCABE6-B27B-434E-AD7E-FAA4D47D9C76}.Debug|x86.Build.0 = Debug|Any CPU
		{30CCABE6-B27B-434E-AD7E-FAA4D47D9C76}.Release|Any CPU.ActiveCfg = Release|Any CPU
		{30CCABE6-B27B-434E-AD7E-FAA4D47D9C76}.Release|Any CPU.Build.0 = Release|Any CPU
		{30CCABE6-B27B-434E-AD7E-FAA4D47D9C76}.Release|x86.ActiveCfg = Release|Any CPU
		{30CCABE6-B27B-434E-AD7E-FAA4D47D9C76}.Release|x86.Build.0 = Release|Any CPU
		{9A3128A4-9A69-46C5-8D52-CE289819C22F}.Debug|Any CPU.ActiveCfg = Debug|Any CPU
		{9A3128A4-9A69-46C5-8D52-CE289819C22F}.Debug|Any CPU.Build.0 = Debug|Any CPU
		{9A3128A4-9A69-46C5-8D52-CE289819C22F}.Debug|x86.ActiveCfg = Debug|Any CPU
		{9A3128A4-9A69-46C5-8D52-CE289819C22F}.Debug|x86.Build.0 = Debug|Any CPU
		{9A3128A4-9A69-46C5-8D52-CE289819C22F}.Release|Any CPU.ActiveCfg = Release|Any CPU
		{9A3128A4-9A69-46C5-8D52-CE289819C22F}.Release|Any CPU.Build.0 = Release|Any CPU
		{9A3128A4-9A69-46C5-8D52-CE289819C22F}.Release|x86.ActiveCfg = Release|Any CPU
		{9A3128A4-9A69-46C5-8D52-CE289819C22F}.Release|x86.Build.0 = Release|Any CPU
		{E8E45B3A-59A1-4D0B-ADAC-081C5A374AE8}.Debug|Any CPU.ActiveCfg = Debug|Any CPU
		{E8E45B3A-59A1-4D0B-ADAC-081C5A374AE8}.Debug|Any CPU.Build.0 = Debug|Any CPU
		{E8E45B3A-59A1-4D0B-ADAC-081C5A374AE8}.Debug|x86.ActiveCfg = Debug|Any CPU
		{E8E45B3A-59A1-4D0B-ADAC-081C5A374AE8}.Debug|x86.Build.0 = Debug|Any CPU
		{E8E45B3A-59A1-4D0B-ADAC-081C5A374AE8}.Release|Any CPU.ActiveCfg = Release|Any CPU
		{E8E45B3A-59A1-4D0B-ADAC-081C5A374AE8}.Release|Any CPU.Build.0 = Release|Any CPU
		{E8E45B3A-59A1-4D0B-ADAC-081C5A374AE8}.Release|x86.ActiveCfg = Release|Any CPU
		{E8E45B3A-59A1-4D0B-ADAC-081C5A374AE8}.Release|x86.Build.0 = Release|Any CPU
		{3096C4EF-C6D8-4F78-8D11-5105AEF716D8}.Debug|Any CPU.ActiveCfg = Debug|Any CPU
		{3096C4EF-C6D8-4F78-8D11-5105AEF716D8}.Debug|Any CPU.Build.0 = Debug|Any CPU
		{3096C4EF-C6D8-4F78-8D11-5105AEF716D8}.Debug|x86.ActiveCfg = Debug|Any CPU
		{3096C4EF-C6D8-4F78-8D11-5105AEF716D8}.Debug|x86.Build.0 = Debug|Any CPU
		{3096C4EF-C6D8-4F78-8D11-5105AEF716D8}.Release|Any CPU.ActiveCfg = Release|Any CPU
		{3096C4EF-C6D8-4F78-8D11-5105AEF716D8}.Release|Any CPU.Build.0 = Release|Any CPU
		{3096C4EF-C6D8-4F78-8D11-5105AEF716D8}.Release|x86.ActiveCfg = Release|Any CPU
		{3096C4EF-C6D8-4F78-8D11-5105AEF716D8}.Release|x86.Build.0 = Release|Any CPU
		{136E0BD4-F788-4422-A343-5E2EB6B82114}.Debug|Any CPU.ActiveCfg = Debug|Any CPU
		{136E0BD4-F788-4422-A343-5E2EB6B82114}.Debug|Any CPU.Build.0 = Debug|Any CPU
		{136E0BD4-F788-4422-A343-5E2EB6B82114}.Debug|x86.ActiveCfg = Debug|Any CPU
		{136E0BD4-F788-4422-A343-5E2EB6B82114}.Debug|x86.Build.0 = Debug|Any CPU
		{136E0BD4-F788-4422-A343-5E2EB6B82114}.Release|Any CPU.ActiveCfg = Release|Any CPU
		{136E0BD4-F788-4422-A343-5E2EB6B82114}.Release|Any CPU.Build.0 = Release|Any CPU
		{136E0BD4-F788-4422-A343-5E2EB6B82114}.Release|x86.ActiveCfg = Release|Any CPU
		{136E0BD4-F788-4422-A343-5E2EB6B82114}.Release|x86.Build.0 = Release|Any CPU
		{34339EBE-0542-4723-AB34-287F7F7B45C5}.Debug|Any CPU.ActiveCfg = Debug|Any CPU
		{34339EBE-0542-4723-AB34-287F7F7B45C5}.Debug|Any CPU.Build.0 = Debug|Any CPU
		{34339EBE-0542-4723-AB34-287F7F7B45C5}.Debug|x86.ActiveCfg = Debug|Any CPU
		{34339EBE-0542-4723-AB34-287F7F7B45C5}.Debug|x86.Build.0 = Debug|Any CPU
		{34339EBE-0542-4723-AB34-287F7F7B45C5}.Release|Any CPU.ActiveCfg = Release|Any CPU
		{34339EBE-0542-4723-AB34-287F7F7B45C5}.Release|Any CPU.Build.0 = Release|Any CPU
		{34339EBE-0542-4723-AB34-287F7F7B45C5}.Release|x86.ActiveCfg = Release|Any CPU
		{34339EBE-0542-4723-AB34-287F7F7B45C5}.Release|x86.Build.0 = Release|Any CPU
		{98BA4065-DC67-448D-A208-2B96F29184B7}.Debug|Any CPU.ActiveCfg = Debug|Any CPU
		{98BA4065-DC67-448D-A208-2B96F29184B7}.Debug|Any CPU.Build.0 = Debug|Any CPU
		{98BA4065-DC67-448D-A208-2B96F29184B7}.Debug|x86.ActiveCfg = Debug|Any CPU
		{98BA4065-DC67-448D-A208-2B96F29184B7}.Debug|x86.Build.0 = Debug|Any CPU
		{98BA4065-DC67-448D-A208-2B96F29184B7}.Release|Any CPU.ActiveCfg = Release|Any CPU
		{98BA4065-DC67-448D-A208-2B96F29184B7}.Release|Any CPU.Build.0 = Release|Any CPU
		{98BA4065-DC67-448D-A208-2B96F29184B7}.Release|x86.ActiveCfg = Release|Any CPU
		{98BA4065-DC67-448D-A208-2B96F29184B7}.Release|x86.Build.0 = Release|Any CPU
	EndGlobalSection
	GlobalSection(SolutionProperties) = preSolution
		HideSolutionNode = FALSE
	EndGlobalSection
	GlobalSection(NestedProjects) = preSolution
		{61392BD9-9B7B-4B5C-B554-7E35E98B228F} = {B696B0F9-00ED-4CA4-895D-FC2E2608B90B}
		{3C20E80B-C4A7-494C-9425-BD2883324D33} = {B696B0F9-00ED-4CA4-895D-FC2E2608B90B}
		{37D3CFCB-8181-41FB-8F13-7E20AF1F4D66} = {B696B0F9-00ED-4CA4-895D-FC2E2608B90B}
		{9989576A-7137-4697-B3AD-C74EC18A5D8E} = {B696B0F9-00ED-4CA4-895D-FC2E2608B90B}
		{3AE3690C-1CB6-48EB-A9DB-7069842FEE10} = {2AFD556D-1A1A-4D7A-81BC-D8432E6F060C}
		{82C7F5C7-BCF1-4AD0-AE2E-89A25FC86C38} = {2AFD556D-1A1A-4D7A-81BC-D8432E6F060C}
		{12A0A3F6-36EE-46EE-9295-20F3AEDCFE41} = {B696B0F9-00ED-4CA4-895D-FC2E2608B90B}
		{30CCABE6-B27B-434E-AD7E-FAA4D47D9C76} = {2AFD556D-1A1A-4D7A-81BC-D8432E6F060C}
		{9A3128A4-9A69-46C5-8D52-CE289819C22F} = {2AFD556D-1A1A-4D7A-81BC-D8432E6F060C}
		{E8E45B3A-59A1-4D0B-ADAC-081C5A374AE8} = {B696B0F9-00ED-4CA4-895D-FC2E2608B90B}
		{3096C4EF-C6D8-4F78-8D11-5105AEF716D8} = {B696B0F9-00ED-4CA4-895D-FC2E2608B90B}
		{136E0BD4-F788-4422-A343-5E2EB6B82114} = {B696B0F9-00ED-4CA4-895D-FC2E2608B90B}
		{34339EBE-0542-4723-AB34-287F7F7B45C5} = {B696B0F9-00ED-4CA4-895D-FC2E2608B90B}
		{98BA4065-DC67-448D-A208-2B96F29184B7} = {B696B0F9-00ED-4CA4-895D-FC2E2608B90B}
	EndGlobalSection
	GlobalSection(ExtensibilityGlobals) = postSolution
		SolutionGuid = {258F298E-9051-4506-9A1C-F0389AFFB955}
	EndGlobalSection
EndGlobal
